github.com/joho/godotenv v1.5.1 h1:7eLL/+HRGLY0ldzfGMeQkb7vMd0as4CfYvUVzLqw0N0=
github.com/joho/godotenv v1.5.1/go.mod h1:f4LDr5Voq0i2e/R5DDNOoa2zzDfwtkZa6DnEwAbqwq4=
github.com/markcheno/go-quote v0.0.0-20250904231239-fffea126169f h1:Cf94/b8KDS8lroWT3O5FaCAh1sXVoZHKqvGJCjSZ5p4=
github.com/markcheno/go-quote v0.0.0-20250904231239-fffea126169f/go.mod h1:XkWzl73UMsPUypTth1MHbTnSW6ydpD5qHdearJq3eaI=
github.com/markcheno/go-talib v0.0.0-20250114000313-ec55a20c902f h1:iKq//xEUUaeRoXNcAshpK4W8eSm7HtgI0aNznWtX7lk=
github.com/markcheno/go-talib v0.0.0-20250114000313-ec55a20c902f/go.mod h1:3YUtoVrKWu2ql+iAeRyepSz3fy6a+19hJzGS88+u4u0=
